<?xml version="1.0" encoding="UTF-8" standalone="yes" ?>
<CodeBlocks_project_file>
	<FileVersion major="1" minor="6" />
	<Project>
		<Option title="MIOSTL" />
		<Option pch_mode="2" />
		<Option compiler="gcc" />
		<Build>
			<Target title="Debug">
				<Option output="bin/Debug/MIOSTL" prefix_auto="1" extension_auto="1" />
				<Option object_output="obj/Debug/" />
				<Option type="1" />
				<Option compiler="gcc" />
				<Compiler>
					<Add option="-g" />
				</Compiler>
			</Target>
			<Target title="Release">
				<Option output="bin/Release/MIOSTL" prefix_auto="1" extension_auto="1" />
				<Option object_output="obj/Release/" />
				<Option type="1" />
				<Option compiler="gcc" />
				<Compiler>
					<Add option="-O2" />
				</Compiler>
				<Linker>
					<Add option="-s" />
				</Linker>
			</Target>
		</Build>
		<Compiler>
			<Add option="-Wall" />
			<Add option="-fexceptions" />
		</Compiler>
		<Unit filename="iter_test.h" />
		<Unit filename="main.cpp" />
		<Unit filename="mio_alloc.h" />
		<Unit filename="mio_allocator.h" />
		<Unit filename="mio_construct.h" />
		<Unit filename="mio_deque.h" />
		<Unit filename="mio_heap.h" />
		<Unit filename="mio_iterator.h" />
		<Unit filename="mio_list.h" />
		<Unit filename="mio_queue.h" />
		<Unit filename="mio_stack.h" />
		<Unit filename="mio_traits.h" />
		<Unit filename="mio_type_traits.h" />
		<Unit filename="mio_uninitialized.h" />
		<Unit filename="mio_vector.h" />
		<Extensions>
			<code_completion />
			<envvars />
			<debugger />
			<lib_finder disable_auto="1" />
		</Extensions>
	</Project>
</CodeBlocks_project_file>
